
Microsoft Visual Studio Solution File, Format Version 12.00
# Visual Studio 15
VisualStudioVersion = 15.0.26124.0
MinimumVisualStudioVersion = 15.0.26124.0
Project("{FAE04EC0-301F-11D3-BF4B-00C04F79EFBC}") = "Minio.AspNetCore", "src\Minio.AspNetCore.csproj", "{554DB484-9F42-4227-940A-42D1F7370F6F}"
EndProject
Project("{2150E333-8FDC-42A3-9474-1A3956D46DE8}") = "src", "src", "{A8B4767E-1E35-4F21-B419-07DF65AD3504}"
EndProject
Project("{2150E333-8FDC-42A3-9474-1A3956D46DE8}") = "tests", "tests", "{FE811CEA-833E-49B4-9792-A5D05E56FDC7}"
EndProject
Project("{FAE04EC0-301F-11D3-BF4B-00C04F79EFBC}") = "Minio.AspNetCore.Tests", "tests\Minio.AspNetCore.Tests.csproj", "{F6D76D76-CB3D-4B39-BAE9-18EAF4C0D2F2}"
EndProject
Global
	GlobalSection(SolutionConfigurationPlatforms) = preSolution
		Debug|Any CPU = Debug|Any CPU
		Debug|x64 = Debug|x64
		Debug|x86 = Debug|x86
		Release|Any CPU = Release|Any CPU
		Release|x64 = Release|x64
		Release|x86 = Release|x86
	EndGlobalSection
	GlobalSection(SolutionProperties) = preSolution
		HideSolutionNode = FALSE
	EndGlobalSection
	GlobalSection(ProjectConfigurationPlatforms) = postSolution
		{554DB484-9F42-4227-940A-42D1F7370F6F}.Debug|Any CPU.ActiveCfg = Debug|Any CPU
		{554DB484-9F42-4227-940A-42D1F7370F6F}.Debug|Any CPU.Build.0 = Debug|Any CPU
		{554DB484-9F42-4227-940A-42D1F7370F6F}.Debug|x64.ActiveCfg = Debug|Any CPU
		{554DB484-9F42-4227-940A-42D1F7370F6F}.Debug|x64.Build.0 = Debug|Any CPU
		{554DB484-9F42-4227-940A-42D1F7370F6F}.Debug|x86.ActiveCfg = Debug|Any CPU
		{554DB484-9F42-4227-940A-42D1F7370F6F}.Debug|x86.Build.0 = Debug|Any CPU
		{554DB484-9F42-4227-940A-42D1F7370F6F}.Release|Any CPU.ActiveCfg = Release|Any CPU
		{554DB484-9F42-4227-940A-42D1F7370F6F}.Release|Any CPU.Build.0 = Release|Any CPU
		{554DB484-9F42-4227-940A-42D1F7370F6F}.Release|x64.ActiveCfg = Release|Any CPU
		{554DB484-9F42-4227-940A-42D1F7370F6F}.Release|x64.Build.0 = Release|Any CPU
		{554DB484-9F42-4227-940A-42D1F7370F6F}.Release|x86.ActiveCfg = Release|Any CPU
		{554DB484-9F42-4227-940A-42D1F7370F6F}.Release|x86.Build.0 = Release|Any CPU
		{F6D76D76-CB3D-4B39-BAE9-18EAF4C0D2F2}.Debug|Any CPU.ActiveCfg = Debug|Any CPU
		{F6D76D76-CB3D-4B39-BAE9-18EAF4C0D2F2}.Debug|Any CPU.Build.0 = Debug|Any CPU
		{F6D76D76-CB3D-4B39-BAE9-18EAF4C0D2F2}.Debug|x64.ActiveCfg = Debug|Any CPU
		{F6D76D76-CB3D-4B39-BAE9-18EAF4C0D2F2}.Debug|x64.Build.0 = Debug|Any CPU
		{F6D76D76-CB3D-4B39-BAE9-18EAF4C0D2F2}.Debug|x86.ActiveCfg = Debug|Any CPU
		{F6D76D76-CB3D-4B39-BAE9-18EAF4C0D2F2}.Debug|x86.Build.0 = Debug|Any CPU
		{F6D76D76-CB3D-4B39-BAE9-18EAF4C0D2F2}.Release|Any CPU.ActiveCfg = Release|Any CPU
		{F6D76D76-CB3D-4B39-BAE9-18EAF4C0D2F2}.Release|Any CPU.Build.0 = Release|Any CPU
		{F6D76D76-CB3D-4B39-BAE9-18EAF4C0D2F2}.Release|x64.ActiveCfg = Release|Any CPU
		{F6D76D76-CB3D-4B39-BAE9-18EAF4C0D2F2}.Release|x64.Build.0 = Release|Any CPU
		{F6D76D76-CB3D-4B39-BAE9-18EAF4C0D2F2}.Release|x86.ActiveCfg = Release|Any CPU
		{F6D76D76-CB3D-4B39-BAE9-18EAF4C0D2F2}.Release|x86.Build.0 = Release|Any CPU
	EndGlobalSection
	GlobalSection(NestedProjects) = preSolution
		{554DB484-9F42-4227-940A-42D1F7370F6F} = {A8B4767E-1E35-4F21-B419-07DF65AD3504}
		{F6D76D76-CB3D-4B39-BAE9-18EAF4C0D2F2} = {FE811CEA-833E-49B4-9792-A5D05E56FDC7}
	EndGlobalSection
EndGlobal
