
Microsoft Visual Studio Solution File, Format Version 12.00
# Visual Studio Version 17
VisualStudioVersion = 17.6.33606.364
MinimumVisualStudioVersion = 15.0.26124.0
Project("{2150E333-8FDC-42A3-9474-1A3956D46DE8}") = "src", "src", "{A8B4767E-1E35-4F21-B419-07DF65AD3504}"
EndProject
Project("{2150E333-8FDC-42A3-9474-1A3956D46DE8}") = "tests", "tests", "{FE811CEA-833E-49B4-9792-A5D05E56FDC7}"
EndProject
Project("{9A19103F-16F7-4668-BE54-9A1E7A4F7556}") = "Minio.AspNetCore.Tests", "tests\Minio.AspNetCore.Tests.csproj", "{F6D76D76-CB3D-4B39-BAE9-18EAF4C0D2F2}"
EndProject
Project("{9A19103F-16F7-4668-BE54-9A1E7A4F7556}") = "Minio.AspNetCore", "src\Minio.AspNetCore\Minio.AspNetCore.csproj", "{FB208783-3D09-4AC8-8230-C048E68DBBCC}"
EndProject
Project("{9A19103F-16F7-4668-BE54-9A1E7A4F7556}") = "Minio.AspNetCore.HealthChecks", "src\Minio.AspNetCore.HealthChecks\Minio.AspNetCore.HealthChecks.csproj", "{5D2AFF96-AC18-4EF6-A355-342A62ABC057}"
EndProject
Project("{2150E333-8FDC-42A3-9474-1A3956D46DE8}") = "Solution Items", "Solution Items", "{70B60279-544A-4B41-8D3C-BF28E8DF0E9C}"
	ProjectSection(SolutionItems) = preProject
		Directory.Build.props = Directory.Build.props
		.github\workflows\package.yaml = .github\workflows\package.yaml
		README.md = README.md
		.github\workflows\release.yaml = .github\workflows\release.yaml
		.github\workflows\tests.yaml = .github\workflows\tests.yaml
	EndProjectSection
EndProject
Global
	GlobalSection(SolutionConfigurationPlatforms) = preSolution
		Debug|Any CPU = Debug|Any CPU
		Debug|x64 = Debug|x64
		Debug|x86 = Debug|x86
		Release|Any CPU = Release|Any CPU
		Release|x64 = Release|x64
		Release|x86 = Release|x86
	EndGlobalSection
	GlobalSection(ProjectConfigurationPlatforms) = postSolution
		{F6D76D76-CB3D-4B39-BAE9-18EAF4C0D2F2}.Debug|Any CPU.ActiveCfg = Debug|Any CPU
		{F6D76D76-CB3D-4B39-BAE9-18EAF4C0D2F2}.Debug|Any CPU.Build.0 = Debug|Any CPU
		{F6D76D76-CB3D-4B39-BAE9-18EAF4C0D2F2}.Debug|x64.ActiveCfg = Debug|Any CPU
		{F6D76D76-CB3D-4B39-BAE9-18EAF4C0D2F2}.Debug|x64.Build.0 = Debug|Any CPU
		{F6D76D76-CB3D-4B39-BAE9-18EAF4C0D2F2}.Debug|x86.ActiveCfg = Debug|Any CPU
		{F6D76D76-CB3D-4B39-BAE9-18EAF4C0D2F2}.Debug|x86.Build.0 = Debug|Any CPU
		{F6D76D76-CB3D-4B39-BAE9-18EAF4C0D2F2}.Release|Any CPU.ActiveCfg = Release|Any CPU
		{F6D76D76-CB3D-4B39-BAE9-18EAF4C0D2F2}.Release|Any CPU.Build.0 = Release|Any CPU
		{F6D76D76-CB3D-4B39-BAE9-18EAF4C0D2F2}.Release|x64.ActiveCfg = Release|Any CPU
		{F6D76D76-CB3D-4B39-BAE9-18EAF4C0D2F2}.Release|x64.Build.0 = Release|Any CPU
		{F6D76D76-CB3D-4B39-BAE9-18EAF4C0D2F2}.Release|x86.ActiveCfg = Release|Any CPU
		{F6D76D76-CB3D-4B39-BAE9-18EAF4C0D2F2}.Release|x86.Build.0 = Release|Any CPU
		{FB208783-3D09-4AC8-8230-C048E68DBBCC}.Debug|Any CPU.ActiveCfg = Debug|Any CPU
		{FB208783-3D09-4AC8-8230-C048E68DBBCC}.Debug|Any CPU.Build.0 = Debug|Any CPU
		{FB208783-3D09-4AC8-8230-C048E68DBBCC}.Debug|x64.ActiveCfg = Debug|Any CPU
		{FB208783-3D09-4AC8-8230-C048E68DBBCC}.Debug|x64.Build.0 = Debug|Any CPU
		{FB208783-3D09-4AC8-8230-C048E68DBBCC}.Debug|x86.ActiveCfg = Debug|Any CPU
		{FB208783-3D09-4AC8-8230-C048E68DBBCC}.Debug|x86.Build.0 = Debug|Any CPU
		{FB208783-3D09-4AC8-8230-C048E68DBBCC}.Release|Any CPU.ActiveCfg = Release|Any CPU
		{FB208783-3D09-4AC8-8230-C048E68DBBCC}.Release|Any CPU.Build.0 = Release|Any CPU
		{FB208783-3D09-4AC8-8230-C048E68DBBCC}.Release|x64.ActiveCfg = Release|Any CPU
		{FB208783-3D09-4AC8-8230-C048E68DBBCC}.Release|x64.Build.0 = Release|Any CPU
		{FB208783-3D09-4AC8-8230-C048E68DBBCC}.Release|x86.ActiveCfg = Release|Any CPU
		{FB208783-3D09-4AC8-8230-C048E68DBBCC}.Release|x86.Build.0 = Release|Any CPU
		{5D2AFF96-AC18-4EF6-A355-342A62ABC057}.Debug|Any CPU.ActiveCfg = Debug|Any CPU
		{5D2AFF96-AC18-4EF6-A355-342A62ABC057}.Debug|Any CPU.Build.0 = Debug|Any CPU
		{5D2AFF96-AC18-4EF6-A355-342A62ABC057}.Debug|x64.ActiveCfg = Debug|Any CPU
		{5D2AFF96-AC18-4EF6-A355-342A62ABC057}.Debug|x64.Build.0 = Debug|Any CPU
		{5D2AFF96-AC18-4EF6-A355-342A62ABC057}.Debug|x86.ActiveCfg = Debug|Any CPU
		{5D2AFF96-AC18-4EF6-A355-342A62ABC057}.Debug|x86.Build.0 = Debug|Any CPU
		{5D2AFF96-AC18-4EF6-A355-342A62ABC057}.Release|Any CPU.ActiveCfg = Release|Any CPU
		{5D2AFF96-AC18-4EF6-A355-342A62ABC057}.Release|Any CPU.Build.0 = Release|Any CPU
		{5D2AFF96-AC18-4EF6-A355-342A62ABC057}.Release|x64.ActiveCfg = Release|Any CPU
		{5D2AFF96-AC18-4EF6-A355-342A62ABC057}.Release|x64.Build.0 = Release|Any CPU
		{5D2AFF96-AC18-4EF6-A355-342A62ABC057}.Release|x86.ActiveCfg = Release|Any CPU
		{5D2AFF96-AC18-4EF6-A355-342A62ABC057}.Release|x86.Build.0 = Release|Any CPU
	EndGlobalSection
	GlobalSection(SolutionProperties) = preSolution
		HideSolutionNode = FALSE
	EndGlobalSection
	GlobalSection(NestedProjects) = preSolution
		{F6D76D76-CB3D-4B39-BAE9-18EAF4C0D2F2} = {FE811CEA-833E-49B4-9792-A5D05E56FDC7}
		{FB208783-3D09-4AC8-8230-C048E68DBBCC} = {A8B4767E-1E35-4F21-B419-07DF65AD3504}
		{5D2AFF96-AC18-4EF6-A355-342A62ABC057} = {A8B4767E-1E35-4F21-B419-07DF65AD3504}
	EndGlobalSection
EndGlobal
